
Microsoft Visual Studio Solution File, Format Version 12.00
# Visual Studio Version 16
VisualStudioVersion = 16.0.29926.136
MinimumVisualStudioVersion = 10.0.40219.1
Project("{FAE04EC0-301F-11D3-BF4B-00C04F79EFBC}") = "CalculatorApp", "CalculatorApp\CalculatorApp.csproj", "{EE26D232-5543-46EB-913D-86C7988EDE5E}"
EndProject
Global
	GlobalSection(SolutionConfigurationPlatforms) = preSolution
		Debug|Any CPU = Debug|Any CPU
		Release|Any CPU = Release|Any CPU
	EndGlobalSection
	GlobalSection(ProjectConfigurationPlatforms) = postSolution
		{EE26D232-5543-46EB-913D-86C7988EDE5E}.Debug|Any CPU.ActiveCfg = Debug|Any CPU
		{EE26D232-5543-46EB-913D-86C7988EDE5E}.Debug|Any CPU.Build.0 = Debug|Any CPU
		{EE26D232-5543-46EB-913D-86C7988EDE5E}.Release|Any CPU.ActiveCfg = Release|Any CPU
		{EE26D232-5543-46EB-913D-86C7988EDE5E}.Release|Any CPU.Build.0 = Release|Any CPU
	EndGlobalSection
	GlobalSection(SolutionProperties) = preSolution
		HideSolutionNode = FALSE
	EndGlobalSection
	GlobalSection(ExtensibilityGlobals) = postSolution
		SolutionGuid = {60CF4852-2473-491E-92D8-CF76251D6C12}
	EndGlobalSection
EndGlobal
