
Microsoft Visual Studio Solution File, Format Version 12.00
# Visual Studio Version 16
VisualStudioVersion = 16.0.29926.136
MinimumVisualStudioVersion = 10.0.40219.1
Project("{FAE04EC0-301F-11D3-BF4B-00C04F79EFBC}") = "AbstractProgram", "AbstractProgram\AbstractProgram.csproj", "{90E2CA09-DE20-445A-AB28-829B93BD4CDE}"
EndProject
Global
	GlobalSection(SolutionConfigurationPlatforms) = preSolution
		Debug|Any CPU = Debug|Any CPU
		Release|Any CPU = Release|Any CPU
	EndGlobalSection
	GlobalSection(ProjectConfigurationPlatforms) = postSolution
		{90E2CA09-DE20-445A-AB28-829B93BD4CDE}.Debug|Any CPU.ActiveCfg = Debug|Any CPU
		{90E2CA09-DE20-445A-AB28-829B93BD4CDE}.Debug|Any CPU.Build.0 = Debug|Any CPU
		{90E2CA09-DE20-445A-AB28-829B93BD4CDE}.Release|Any CPU.ActiveCfg = Release|Any CPU
		{90E2CA09-DE20-445A-AB28-829B93BD4CDE}.Release|Any CPU.Build.0 = Release|Any CPU
	EndGlobalSection
	GlobalSection(SolutionProperties) = preSolution
		HideSolutionNode = FALSE
	EndGlobalSection
	GlobalSection(ExtensibilityGlobals) = postSolution
		SolutionGuid = {C1B06DCE-4BD8-4A1F-AA2D-DDF476D2E768}
	EndGlobalSection
EndGlobal
