
Microsoft Visual Studio Solution File, Format Version 12.00
# Visual Studio Version 16
VisualStudioVersion = 16.0.29926.136
MinimumVisualStudioVersion = 10.0.40219.1
Project("{FAE04EC0-301F-11D3-BF4B-00C04F79EFBC}") = "HolidayDatabase", "HolidayDatabase\HolidayDatabase.csproj", "{312B13C4-4662-4CFD-8705-A15CDD754452}"
EndProject
Global
	GlobalSection(SolutionConfigurationPlatforms) = preSolution
		Debug|Any CPU = Debug|Any CPU
		Release|Any CPU = Release|Any CPU
	EndGlobalSection
	GlobalSection(ProjectConfigurationPlatforms) = postSolution
		{312B13C4-4662-4CFD-8705-A15CDD754452}.Debug|Any CPU.ActiveCfg = Debug|Any CPU
		{312B13C4-4662-4CFD-8705-A15CDD754452}.Debug|Any CPU.Build.0 = Debug|Any CPU
		{312B13C4-4662-4CFD-8705-A15CDD754452}.Release|Any CPU.ActiveCfg = Release|Any CPU
		{312B13C4-4662-4CFD-8705-A15CDD754452}.Release|Any CPU.Build.0 = Release|Any CPU
	EndGlobalSection
	GlobalSection(SolutionProperties) = preSolution
		HideSolutionNode = FALSE
	EndGlobalSection
	GlobalSection(ExtensibilityGlobals) = postSolution
		SolutionGuid = {F82DAF07-80BF-4826-8DF1-4BEFC4328A54}
	EndGlobalSection
EndGlobal
