
Microsoft Visual Studio Solution File, Format Version 12.00
# Visual Studio Version 16
VisualStudioVersion = 16.0.29926.136
MinimumVisualStudioVersion = 10.0.40219.1
Project("{FAE04EC0-301F-11D3-BF4B-00C04F79EFBC}") = "MyDrive", "MyDrive\MyDrive.csproj", "{F9621010-1A12-486D-BB7D-1E4DCC45230F}"
EndProject
Global
	GlobalSection(SolutionConfigurationPlatforms) = preSolution
		Debug|Any CPU = Debug|Any CPU
		Release|Any CPU = Release|Any CPU
	EndGlobalSection
	GlobalSection(ProjectConfigurationPlatforms) = postSolution
		{F9621010-1A12-486D-BB7D-1E4DCC45230F}.Debug|Any CPU.ActiveCfg = Debug|Any CPU
		{F9621010-1A12-486D-BB7D-1E4DCC45230F}.Debug|Any CPU.Build.0 = Debug|Any CPU
		{F9621010-1A12-486D-BB7D-1E4DCC45230F}.Release|Any CPU.ActiveCfg = Release|Any CPU
		{F9621010-1A12-486D-BB7D-1E4DCC45230F}.Release|Any CPU.Build.0 = Release|Any CPU
	EndGlobalSection
	GlobalSection(SolutionProperties) = preSolution
		HideSolutionNode = FALSE
	EndGlobalSection
	GlobalSection(ExtensibilityGlobals) = postSolution
		SolutionGuid = {0F93074C-F8CE-4842-B2CE-CBA19600A4A4}
	EndGlobalSection
EndGlobal
